
Microsoft Visual Studio Solution File, Format Version 12.00
# Visual Studio 15
VisualStudioVersion = 15.0.28307.757
MinimumVisualStudioVersion = 10.0.40219.1
Project("{FAE04EC0-301F-11D3-BF4B-00C04F79EFBC}") = "EventDelegates", "EventDelegates\EventDelegates.csproj", "{C9897C65-15DE-4551-A8D5-BEEBA2755C68}"
EndProject
Global
	GlobalSection(SolutionConfigurationPlatforms) = preSolution
		Debug|Any CPU = Debug|Any CPU
		Release|Any CPU = Release|Any CPU
	EndGlobalSection
	GlobalSection(ProjectConfigurationPlatforms) = postSolution
		{C9897C65-15DE-4551-A8D5-BEEBA2755C68}.Debug|Any CPU.ActiveCfg = Debug|Any CPU
		{C9897C65-15DE-4551-A8D5-BEEBA2755C68}.Debug|Any CPU.Build.0 = Debug|Any CPU
		{C9897C65-15DE-4551-A8D5-BEEBA2755C68}.Release|Any CPU.ActiveCfg = Release|Any CPU
		{C9897C65-15DE-4551-A8D5-BEEBA2755C68}.Release|Any CPU.Build.0 = Release|Any CPU
	EndGlobalSection
	GlobalSection(SolutionProperties) = preSolution
		HideSolutionNode = FALSE
	EndGlobalSection
	GlobalSection(ExtensibilityGlobals) = postSolution
		SolutionGuid = {4A69CE9C-4FEA-4E2F-9115-E86A46F992C0}
	EndGlobalSection
EndGlobal
